// !$*UTF8*$!
{
	archiveVersion = 1;
	classes = {
	};
	objectVersion = 56;
	objects = {

/* Begin PBXBuildFile section */
		583B18282A8400C0000D1AB4 /* RxCocoa in Frameworks */ = {isa = PBXBuildFile; productRef = 583B18272A8400C0000D1AB4 /* RxCocoa */; };
		583B182A2A8400C0000D1AB4 /* RxRelay in Frameworks */ = {isa = PBXBuildFile; productRef = 583B18292A8400C0000D1AB4 /* RxRelay */; };
		583B182C2A8400C0000D1AB4 /* RxSwift in Frameworks */ = {isa = PBXBuildFile; productRef = 583B182B2A8400C0000D1AB4 /* RxSwift */; };
		583B18302A84018A000D1AB4 /* RxTest in Frameworks */ = {isa = PBXBuildFile; productRef = 583B182F2A84018A000D1AB4 /* RxTest */; };
		583B18322A84018F000D1AB4 /* RxTest in Frameworks */ = {isa = PBXBuildFile; productRef = 583B18312A84018F000D1AB4 /* RxTest */; };
		5863DE362A83D0C500408513 /* AppDelegate.swift in Sources */ = {isa = PBXBuildFile; fileRef = 5863DE352A83D0C500408513 /* AppDelegate.swift */; };
		5863DE382A83D0C500408513 /* SceneDelegate.swift in Sources */ = {isa = PBXBuildFile; fileRef = 5863DE372A83D0C500408513 /* SceneDelegate.swift */; };
		5863DE3A2A83D0C500408513 /* ViewController.swift in Sources */ = {isa = PBXBuildFile; fileRef = 5863DE392A83D0C500408513 /* ViewController.swift */; };
		5863DE3F2A83D0C600408513 /* Assets.xcassets in Resources */ = {isa = PBXBuildFile; fileRef = 5863DE3E2A83D0C600408513 /* Assets.xcassets */; };
		5863DE422A83D0C600408513 /* LaunchScreen.storyboard in Resources */ = {isa = PBXBuildFile; fileRef = 5863DE402A83D0C600408513 /* LaunchScreen.storyboard */; };
		5863DE4D2A83D0C600408513 /* MVVM_Framework_iOSTests.swift in Sources */ = {isa = PBXBuildFile; fileRef = 5863DE4C2A83D0C600408513 /* MVVM_Framework_iOSTests.swift */; };
		5863DE572A83D0C600408513 /* MVVM_Framework_iOSUITests.swift in Sources */ = {isa = PBXBuildFile; fileRef = 5863DE562A83D0C600408513 /* MVVM_Framework_iOSUITests.swift */; };
		5863DE592A83D0C600408513 /* MVVM_Framework_iOSUITestsLaunchTests.swift in Sources */ = {isa = PBXBuildFile; fileRef = 5863DE582A83D0C600408513 /* MVVM_Framework_iOSUITestsLaunchTests.swift */; };
		58FA94F92A83DF64008BBE4F /* MyFramework.framework in Frameworks */ = {isa = PBXBuildFile; fileRef = 58FA94F62A83DF57008BBE4F /* MyFramework.framework */; };
		58FA94FA2A83DF64008BBE4F /* MyFramework.framework in Embed Frameworks */ = {isa = PBXBuildFile; fileRef = 58FA94F62A83DF57008BBE4F /* MyFramework.framework */; settings = {ATTRIBUTES = (CodeSignOnCopy, RemoveHeadersOnCopy, ); }; };
		58FA95072A83DF88008BBE4F /* SnapKit in Frameworks */ = {isa = PBXBuildFile; productRef = 58FA95062A83DF88008BBE4F /* SnapKit */; };
		58FA950A2A83DF93008BBE4F /* Then in Frameworks */ = {isa = PBXBuildFile; productRef = 58FA95092A83DF93008BBE4F /* Then */; };
/* End PBXBuildFile section */

/* Begin PBXContainerItemProxy section */
		5863DE492A83D0C600408513 /* PBXContainerItemProxy */ = {
			isa = PBXContainerItemProxy;
			containerPortal = 5863DE2A2A83D0C500408513 /* Project object */;
			proxyType = 1;
			remoteGlobalIDString = 5863DE312A83D0C500408513;
			remoteInfo = "MVVM-Framework-iOS";
		};
		5863DE532A83D0C600408513 /* PBXContainerItemProxy */ = {
			isa = PBXContainerItemProxy;
			containerPortal = 5863DE2A2A83D0C500408513 /* Project object */;
			proxyType = 1;
			remoteGlobalIDString = 5863DE312A83D0C500408513;
			remoteInfo = "MVVM-Framework-iOS";
		};
		58FA94F52A83DF57008BBE4F /* PBXContainerItemProxy */ = {
			isa = PBXContainerItemProxy;
			containerPortal = 58FA94F02A83DF57008BBE4F /* MyFramework.xcodeproj */;
			proxyType = 2;
			remoteGlobalIDString = 58FA94D52A83DEE7008BBE4F;
			remoteInfo = MyFramework;
		};
		58FA94F72A83DF57008BBE4F /* PBXContainerItemProxy */ = {
			isa = PBXContainerItemProxy;
			containerPortal = 58FA94F02A83DF57008BBE4F /* MyFramework.xcodeproj */;
			proxyType = 2;
			remoteGlobalIDString = 58FA94DD2A83DEE7008BBE4F;
			remoteInfo = MyFrameworkTests;
		};
/* End PBXContainerItemProxy section */

/* Begin PBXCopyFilesBuildPhase section */
		58FA94FB2A83DF64008BBE4F /* Embed Frameworks */ = {
			isa = PBXCopyFilesBuildPhase;
			buildActionMask = 2147483647;
			dstPath = "";
			dstSubfolderSpec = 10;
			files = (
				58FA94FA2A83DF64008BBE4F /* MyFramework.framework in Embed Frameworks */,
			);
			name = "Embed Frameworks";
			runOnlyForDeploymentPostprocessing = 0;
		};
/* End PBXCopyFilesBuildPhase section */

/* Begin PBXFileReference section */
		5863DE322A83D0C500408513 /* MVVM-Framework-iOS.app */ = {isa = PBXFileReference; explicitFileType = wrapper.application; includeInIndex = 0; path = "MVVM-Framework-iOS.app"; sourceTree = BUILT_PRODUCTS_DIR; };
		5863DE352A83D0C500408513 /* AppDelegate.swift */ = {isa = PBXFileReference; lastKnownFileType = sourcecode.swift; path = AppDelegate.swift; sourceTree = "<group>"; };
		5863DE372A83D0C500408513 /* SceneDelegate.swift */ = {isa = PBXFileReference; lastKnownFileType = sourcecode.swift; path = SceneDelegate.swift; sourceTree = "<group>"; };
		5863DE392A83D0C500408513 /* ViewController.swift */ = {isa = PBXFileReference; lastKnownFileType = sourcecode.swift; path = ViewController.swift; sourceTree = "<group>"; };
		5863DE3E2A83D0C600408513 /* Assets.xcassets */ = {isa = PBXFileReference; lastKnownFileType = folder.assetcatalog; path = Assets.xcassets; sourceTree = "<group>"; };
		5863DE412A83D0C600408513 /* Base */ = {isa = PBXFileReference; lastKnownFileType = file.storyboard; name = Base; path = Base.lproj/LaunchScreen.storyboard; sourceTree = "<group>"; };
		5863DE432A83D0C600408513 /* Info.plist */ = {isa = PBXFileReference; lastKnownFileType = text.plist.xml; path = Info.plist; sourceTree = "<group>"; };
		5863DE482A83D0C600408513 /* MVVM-Framework-iOSTests.xctest */ = {isa = PBXFileReference; explicitFileType = wrapper.cfbundle; includeInIndex = 0; path = "MVVM-Framework-iOSTests.xctest"; sourceTree = BUILT_PRODUCTS_DIR; };
		5863DE4C2A83D0C600408513 /* MVVM_Framework_iOSTests.swift */ = {isa = PBXFileReference; lastKnownFileType = sourcecode.swift; path = MVVM_Framework_iOSTests.swift; sourceTree = "<group>"; };
		5863DE522A83D0C600408513 /* MVVM-Framework-iOSUITests.xctest */ = {isa = PBXFileReference; explicitFileType = wrapper.cfbundle; includeInIndex = 0; path = "MVVM-Framework-iOSUITests.xctest"; sourceTree = BUILT_PRODUCTS_DIR; };
		5863DE562A83D0C600408513 /* MVVM_Framework_iOSUITests.swift */ = {isa = PBXFileReference; lastKnownFileType = sourcecode.swift; path = MVVM_Framework_iOSUITests.swift; sourceTree = "<group>"; };
		5863DE582A83D0C600408513 /* MVVM_Framework_iOSUITestsLaunchTests.swift */ = {isa = PBXFileReference; lastKnownFileType = sourcecode.swift; path = MVVM_Framework_iOSUITestsLaunchTests.swift; sourceTree = "<group>"; };
		58FA94F02A83DF57008BBE4F /* MyFramework.xcodeproj */ = {isa = PBXFileReference; lastKnownFileType = "wrapper.pb-project"; name = MyFramework.xcodeproj; path = ../MyFramework/MyFramework.xcodeproj; sourceTree = "<group>"; };
/* End PBXFileReference section */

/* Begin PBXFrameworksBuildPhase section */
		5863DE2F2A83D0C500408513 /* Frameworks */ = {
			isa = PBXFrameworksBuildPhase;
			buildActionMask = 2147483647;
			files = (
				583B182C2A8400C0000D1AB4 /* RxSwift in Frameworks */,
				583B182A2A8400C0000D1AB4 /* RxRelay in Frameworks */,
				58FA950A2A83DF93008BBE4F /* Then in Frameworks */,
				58FA95072A83DF88008BBE4F /* SnapKit in Frameworks */,
				583B18282A8400C0000D1AB4 /* RxCocoa in Frameworks */,
				58FA94F92A83DF64008BBE4F /* MyFramework.framework in Frameworks */,
			);
			runOnlyForDeploymentPostprocessing = 0;
		};
		5863DE452A83D0C600408513 /* Frameworks */ = {
			isa = PBXFrameworksBuildPhase;
			buildActionMask = 2147483647;
			files = (
				583B18302A84018A000D1AB4 /* RxTest in Frameworks */,
			);
			runOnlyForDeploymentPostprocessing = 0;
		};
		5863DE4F2A83D0C600408513 /* Frameworks */ = {
			isa = PBXFrameworksBuildPhase;
			buildActionMask = 2147483647;
			files = (
				583B18322A84018F000D1AB4 /* RxTest in Frameworks */,
			);
			runOnlyForDeploymentPostprocessing = 0;
		};
/* End PBXFrameworksBuildPhase section */

/* Begin PBXGroup section */
		5863DE292A83D0C500408513 = {
			isa = PBXGroup;
			children = (
				58FA94EF2A83DF57008BBE4F /* Frameworks */,
				5863DE342A83D0C500408513 /* MVVM-Framework-iOS */,
				5863DE4B2A83D0C600408513 /* MVVM-Framework-iOSTests */,
				5863DE552A83D0C600408513 /* MVVM-Framework-iOSUITests */,
				5863DE332A83D0C500408513 /* Products */,
			);
			sourceTree = "<group>";
		};
		5863DE332A83D0C500408513 /* Products */ = {
			isa = PBXGroup;
			children = (
				5863DE322A83D0C500408513 /* MVVM-Framework-iOS.app */,
				5863DE482A83D0C600408513 /* MVVM-Framework-iOSTests.xctest */,
				5863DE522A83D0C600408513 /* MVVM-Framework-iOSUITests.xctest */,
			);
			name = Products;
			sourceTree = "<group>";
		};
		5863DE342A83D0C500408513 /* MVVM-Framework-iOS */ = {
			isa = PBXGroup;
			children = (
				5863DE672A83D10A00408513 /* AppDelegate */,
				5863DE682A83D11D00408513 /* Resources */,
				5863DE692A83D12B00408513 /* Controllers */,
			);
			path = "MVVM-Framework-iOS";
			sourceTree = "<group>";
		};
		5863DE4B2A83D0C600408513 /* MVVM-Framework-iOSTests */ = {
			isa = PBXGroup;
			children = (
				5863DE4C2A83D0C600408513 /* MVVM_Framework_iOSTests.swift */,
			);
			path = "MVVM-Framework-iOSTests";
			sourceTree = "<group>";
		};
		5863DE552A83D0C600408513 /* MVVM-Framework-iOSUITests */ = {
			isa = PBXGroup;
			children = (
				5863DE562A83D0C600408513 /* MVVM_Framework_iOSUITests.swift */,
				5863DE582A83D0C600408513 /* MVVM_Framework_iOSUITestsLaunchTests.swift */,
			);
			path = "MVVM-Framework-iOSUITests";
			sourceTree = "<group>";
		};
		5863DE672A83D10A00408513 /* AppDelegate */ = {
			isa = PBXGroup;
			children = (
				5863DE352A83D0C500408513 /* AppDelegate.swift */,
				5863DE372A83D0C500408513 /* SceneDelegate.swift */,
			);
			path = AppDelegate;
			sourceTree = "<group>";
		};
		5863DE682A83D11D00408513 /* Resources */ = {
			isa = PBXGroup;
			children = (
				5863DE3E2A83D0C600408513 /* Assets.xcassets */,
				5863DE402A83D0C600408513 /* LaunchScreen.storyboard */,
				5863DE432A83D0C600408513 /* Info.plist */,
			);
			path = Resources;
			sourceTree = "<group>";
		};
		5863DE692A83D12B00408513 /* Controllers */ = {
			isa = PBXGroup;
			children = (
				5863DE392A83D0C500408513 /* ViewController.swift */,
			);
			path = Controllers;
			sourceTree = "<group>";
		};
		58FA94EF2A83DF57008BBE4F /* Frameworks */ = {
			isa = PBXGroup;
			children = (
				58FA94F02A83DF57008BBE4F /* MyFramework.xcodeproj */,
			);
			name = Frameworks;
			sourceTree = "<group>";
		};
		58FA94F12A83DF57008BBE4F /* Products */ = {
			isa = PBXGroup;
			children = (
				58FA94F62A83DF57008BBE4F /* MyFramework.framework */,
				58FA94F82A83DF57008BBE4F /* MyFrameworkTests.xctest */,
			);
			name = Products;
			sourceTree = "<group>";
		};
/* End PBXGroup section */

/* Begin PBXNativeTarget section */
		5863DE312A83D0C500408513 /* MVVM-Framework-iOS */ = {
			isa = PBXNativeTarget;
			buildConfigurationList = 5863DE5C2A83D0C600408513 /* Build configuration list for PBXNativeTarget "MVVM-Framework-iOS" */;
			buildPhases = (
				5863DE2E2A83D0C500408513 /* Sources */,
				5863DE2F2A83D0C500408513 /* Frameworks */,
				5863DE302A83D0C500408513 /* Resources */,
				58FA94FB2A83DF64008BBE4F /* Embed Frameworks */,
			);
			buildRules = (
			);
			dependencies = (
			);
			name = "MVVM-Framework-iOS";
			packageProductDependencies = (
				58FA95062A83DF88008BBE4F /* SnapKit */,
				58FA95092A83DF93008BBE4F /* Then */,
				583B18272A8400C0000D1AB4 /* RxCocoa */,
				583B18292A8400C0000D1AB4 /* RxRelay */,
				583B182B2A8400C0000D1AB4 /* RxSwift */,
			);
			productName = "MVVM-Framework-iOS";
			productReference = 5863DE322A83D0C500408513 /* MVVM-Framework-iOS.app */;
			productType = "com.apple.product-type.application";
		};
		5863DE472A83D0C600408513 /* MVVM-Framework-iOSTests */ = {
			isa = PBXNativeTarget;
			buildConfigurationList = 5863DE5F2A83D0C600408513 /* Build configuration list for PBXNativeTarget "MVVM-Framework-iOSTests" */;
			buildPhases = (
				5863DE442A83D0C600408513 /* Sources */,
				5863DE452A83D0C600408513 /* Frameworks */,
				5863DE462A83D0C600408513 /* Resources */,
			);
			buildRules = (
			);
			dependencies = (
				5863DE4A2A83D0C600408513 /* PBXTargetDependency */,
			);
			name = "MVVM-Framework-iOSTests";
			packageProductDependencies = (
				583B182F2A84018A000D1AB4 /* RxTest */,
			);
			productName = "MVVM-Framework-iOSTests";
			productReference = 5863DE482A83D0C600408513 /* MVVM-Framework-iOSTests.xctest */;
			productType = "com.apple.product-type.bundle.unit-test";
		};
		5863DE512A83D0C600408513 /* MVVM-Framework-iOSUITests */ = {
			isa = PBXNativeTarget;
			buildConfigurationList = 5863DE622A83D0C600408513 /* Build configuration list for PBXNativeTarget "MVVM-Framework-iOSUITests" */;
			buildPhases = (
				5863DE4E2A83D0C600408513 /* Sources */,
				5863DE4F2A83D0C600408513 /* Frameworks */,
				5863DE502A83D0C600408513 /* Resources */,
			);
			buildRules = (
			);
			dependencies = (
				5863DE542A83D0C600408513 /* PBXTargetDependency */,
			);
			name = "MVVM-Framework-iOSUITests";
			packageProductDependencies = (
				583B18312A84018F000D1AB4 /* RxTest */,
			);
			productName = "MVVM-Framework-iOSUITests";
			productReference = 5863DE522A83D0C600408513 /* MVVM-Framework-iOSUITests.xctest */;
			productType = "com.apple.product-type.bundle.ui-testing";
		};
/* End PBXNativeTarget section */

/* Begin PBXProject section */
		5863DE2A2A83D0C500408513 /* Project object */ = {
			isa = PBXProject;
			attributes = {
				BuildIndependentTargetsInParallel = 1;
				LastSwiftUpdateCheck = 1430;
				LastUpgradeCheck = 1430;
				TargetAttributes = {
					5863DE312A83D0C500408513 = {
						CreatedOnToolsVersion = 14.3.1;
					};
					5863DE472A83D0C600408513 = {
						CreatedOnToolsVersion = 14.3.1;
						TestTargetID = 5863DE312A83D0C500408513;
					};
					5863DE512A83D0C600408513 = {
						CreatedOnToolsVersion = 14.3.1;
						TestTargetID = 5863DE312A83D0C500408513;
					};
				};
			};
			buildConfigurationList = 5863DE2D2A83D0C500408513 /* Build configuration list for PBXProject "MVVM-Framework-iOS" */;
			compatibilityVersion = "Xcode 14.0";
			developmentRegion = en;
			hasScannedForEncodings = 0;
			knownRegions = (
				en,
				Base,
			);
			mainGroup = 5863DE292A83D0C500408513;
			packageReferences = (
				58FA95052A83DF88008BBE4F /* XCRemoteSwiftPackageReference "SnapKit" */,
				58FA95082A83DF93008BBE4F /* XCRemoteSwiftPackageReference "Then" */,
				583B18262A8400C0000D1AB4 /* XCRemoteSwiftPackageReference "RxSwift" */,
			);
			productRefGroup = 5863DE332A83D0C500408513 /* Products */;
			projectDirPath = "";
			projectReferences = (
				{
					ProductGroup = 58FA94F12A83DF57008BBE4F /* Products */;
					ProjectRef = 58FA94F02A83DF57008BBE4F /* MyFramework.xcodeproj */;
				},
			);
			projectRoot = "";
			targets = (
				5863DE312A83D0C500408513 /* MVVM-Framework-iOS */,
				5863DE472A83D0C600408513 /* MVVM-Framework-iOSTests */,
				5863DE512A83D0C600408513 /* MVVM-Framework-iOSUITests */,
			);
		};
/* End PBXProject section */

/* Begin PBXReferenceProxy section */
		58FA94F62A83DF57008BBE4F /* MyFramework.framework */ = {
			isa = PBXReferenceProxy;
			fileType = wrapper.framework;
			path = MyFramework.framework;
			remoteRef = 58FA94F52A83DF57008BBE4F /* PBXContainerItemProxy */;
			sourceTree = BUILT_PRODUCTS_DIR;
		};
		58FA94F82A83DF57008BBE4F /* MyFrameworkTests.xctest */ = {
			isa = PBXReferenceProxy;
			fileType = wrapper.cfbundle;
			path = MyFrameworkTests.xctest;
			remoteRef = 58FA94F72A83DF57008BBE4F /* PBXContainerItemProxy */;
			sourceTree = BUILT_PRODUCTS_DIR;
		};
/* End PBXReferenceProxy section */

/* Begin PBXResourcesBuildPhase section */
		5863DE302A83D0C500408513 /* Resources */ = {
			isa = PBXResourcesBuildPhase;
			buildActionMask = 2147483647;
			files = (
				5863DE422A83D0C600408513 /* LaunchScreen.storyboard in Resources */,
				5863DE3F2A83D0C600408513 /* Assets.xcassets in Resources */,
			);
			runOnlyForDeploymentPostprocessing = 0;
		};
		5863DE462A83D0C600408513 /* Resources */ = {
			isa = PBXResourcesBuildPhase;
			buildActionMask = 2147483647;
			files = (
			);
			runOnlyForDeploymentPostprocessing = 0;
		};
		5863DE502A83D0C600408513 /* Resources */ = {
			isa = PBXResourcesBuildPhase;
			buildActionMask = 2147483647;
			files = (
			);
			runOnlyForDeploymentPostprocessing = 0;
		};
/* End PBXResourcesBuildPhase section */

/* Begin PBXSourcesBuildPhase section */
		5863DE2E2A83D0C500408513 /* Sources */ = {
			isa = PBXSourcesBuildPhase;
			buildActionMask = 2147483647;
			files = (
				5863DE3A2A83D0C500408513 /* ViewController.swift in Sources */,
				5863DE362A83D0C500408513 /* AppDelegate.swift in Sources */,
				5863DE382A83D0C500408513 /* SceneDelegate.swift in Sources */,
			);
			runOnlyForDeploymentPostprocessing = 0;
		};
		5863DE442A83D0C600408513 /* Sources */ = {
			isa = PBXSourcesBuildPhase;
			buildActionMask = 2147483647;
			files = (
				5863DE4D2A83D0C600408513 /* MVVM_Framework_iOSTests.swift in Sources */,
			);
			runOnlyForDeploymentPostprocessing = 0;
		};
		5863DE4E2A83D0C600408513 /* Sources */ = {
			isa = PBXSourcesBuildPhase;
			buildActionMask = 2147483647;
			files = (
				5863DE572A83D0C600408513 /* MVVM_Framework_iOSUITests.swift in Sources */,
				5863DE592A83D0C600408513 /* MVVM_Framework_iOSUITestsLaunchTests.swift in Sources */,
			);
			runOnlyForDeploymentPostprocessing = 0;
		};
/* End PBXSourcesBuildPhase section */

/* Begin PBXTargetDependency section */
		5863DE4A2A83D0C600408513 /* PBXTargetDependency */ = {
			isa = PBXTargetDependency;
			target = 5863DE312A83D0C500408513 /* MVVM-Framework-iOS */;
			targetProxy = 5863DE492A83D0C600408513 /* PBXContainerItemProxy */;
		};
		5863DE542A83D0C600408513 /* PBXTargetDependency */ = {
			isa = PBXTargetDependency;
			target = 5863DE312A83D0C500408513 /* MVVM-Framework-iOS */;
			targetProxy = 5863DE532A83D0C600408513 /* PBXContainerItemProxy */;
		};
/* End PBXTargetDependency section */

/* Begin PBXVariantGroup section */
		5863DE402A83D0C600408513 /* LaunchScreen.storyboard */ = {
			isa = PBXVariantGroup;
			children = (
				5863DE412A83D0C600408513 /* Base */,
			);
			name = LaunchScreen.storyboard;
			sourceTree = "<group>";
		};
/* End PBXVariantGroup section */

/* Begin XCBuildConfiguration section */
		5863DE5A2A83D0C600408513 /* Debug */ = {
			isa = XCBuildConfiguration;
			buildSettings = {
				ALWAYS_SEARCH_USER_PATHS = NO;
				CLANG_ANALYZER_NONNULL = YES;
				CLANG_ANALYZER_NUMBER_OBJECT_CONVERSION = YES_AGGRESSIVE;
				CLANG_CXX_LANGUAGE_STANDARD = "gnu++20";
				CLANG_ENABLE_MODULES = YES;
				CLANG_ENABLE_OBJC_ARC = YES;
				CLANG_ENABLE_OBJC_WEAK = YES;
				CLANG_WARN_BLOCK_CAPTURE_AUTORELEASING = YES;
				CLANG_WARN_BOOL_CONVERSION = YES;
				CLANG_WARN_COMMA = YES;
				CLANG_WARN_CONSTANT_CONVERSION = YES;
				CLANG_WARN_DEPRECATED_OBJC_IMPLEMENTATIONS = YES;
				CLANG_WARN_DIRECT_OBJC_ISA_USAGE = YES_ERROR;
				CLANG_WARN_DOCUMENTATION_COMMENTS = YES;
				CLANG_WARN_EMPTY_BODY = YES;
				CLANG_WARN_ENUM_CONVERSION = YES;
				CLANG_WARN_INFINITE_RECURSION = YES;
				CLANG_WARN_INT_CONVERSION = YES;
				CLANG_WARN_NON_LITERAL_NULL_CONVERSION = YES;
				CLANG_WARN_OBJC_IMPLICIT_RETAIN_SELF = YES;
				CLANG_WARN_OBJC_LITERAL_CONVERSION = YES;
				CLANG_WARN_OBJC_ROOT_CLASS = YES_ERROR;
				CLANG_WARN_QUOTED_INCLUDE_IN_FRAMEWORK_HEADER = YES;
				CLANG_WARN_RANGE_LOOP_ANALYSIS = YES;
				CLANG_WARN_STRICT_PROTOTYPES = YES;
				CLANG_WARN_SUSPICIOUS_MOVE = YES;
				CLANG_WARN_UNGUARDED_AVAILABILITY = YES_AGGRESSIVE;
				CLANG_WARN_UNREACHABLE_CODE = YES;
				CLANG_WARN__DUPLICATE_METHOD_MATCH = YES;
				COPY_PHASE_STRIP = NO;
				DEBUG_INFORMATION_FORMAT = dwarf;
				ENABLE_STRICT_OBJC_MSGSEND = YES;
				ENABLE_TESTABILITY = YES;
				ENABLE_TESTING_SEARCH_PATHS = YES;
				GCC_C_LANGUAGE_STANDARD = gnu11;
				GCC_DYNAMIC_NO_PIC = NO;
				GCC_NO_COMMON_BLOCKS = YES;
				GCC_OPTIMIZATION_LEVEL = 0;
				GCC_PREPROCESSOR_DEFINITIONS = (
					"DEBUG=1",
					"$(inherited)",
				);
				GCC_WARN_64_TO_32_BIT_CONVERSION = YES;
				GCC_WARN_ABOUT_RETURN_TYPE = YES_ERROR;
				GCC_WARN_UNDECLARED_SELECTOR = YES;
				GCC_WARN_UNINITIALIZED_AUTOS = YES_AGGRESSIVE;
				GCC_WARN_UNUSED_FUNCTION = YES;
				GCC_WARN_UNUSED_VARIABLE = YES;
				IPHONEOS_DEPLOYMENT_TARGET = 16.0;
				MTL_ENABLE_DEBUG_INFO = INCLUDE_SOURCE;
				MTL_FAST_MATH = YES;
				ONLY_ACTIVE_ARCH = YES;
				SDKROOT = iphoneos;
				SWIFT_ACTIVE_COMPILATION_CONDITIONS = DEBUG;
				SWIFT_OPTIMIZATION_LEVEL = "-Onone";
			};
			name = Debug;
		};
		5863DE5B2A83D0C600408513 /* Release */ = {
			isa = XCBuildConfiguration;
			buildSettings = {
				ALWAYS_SEARCH_USER_PATHS = NO;
				CLANG_ANALYZER_NONNULL = YES;
				CLANG_ANALYZER_NUMBER_OBJECT_CONVERSION = YES_AGGRESSIVE;
				CLANG_CXX_LANGUAGE_STANDARD = "gnu++20";
				CLANG_ENABLE_MODULES = YES;
				CLANG_ENABLE_OBJC_ARC = YES;
				CLANG_ENABLE_OBJC_WEAK = YES;
				CLANG_WARN_BLOCK_CAPTURE_AUTORELEASING = YES;
				CLANG_WARN_BOOL_CONVERSION = YES;
				CLANG_WARN_COMMA = YES;
				CLANG_WARN_CONSTANT_CONVERSION = YES;
				CLANG_WARN_DEPRECATED_OBJC_IMPLEMENTATIONS = YES;
				CLANG_WARN_DIRECT_OBJC_ISA_USAGE = YES_ERROR;
				CLANG_WARN_DOCUMENTATION_COMMENTS = YES;
				CLANG_WARN_EMPTY_BODY = YES;
				CLANG_WARN_ENUM_CONVERSION = YES;
				CLANG_WARN_INFINITE_RECURSION = YES;
				CLANG_WARN_INT_CONVERSION = YES;
				CLANG_WARN_NON_LITERAL_NULL_CONVERSION = YES;
				CLANG_WARN_OBJC_IMPLICIT_RETAIN_SELF = YES;
				CLANG_WARN_OBJC_LITERAL_CONVERSION = YES;
				CLANG_WARN_OBJC_ROOT_CLASS = YES_ERROR;
				CLANG_WARN_QUOTED_INCLUDE_IN_FRAMEWORK_HEADER = YES;
				CLANG_WARN_RANGE_LOOP_ANALYSIS = YES;
				CLANG_WARN_STRICT_PROTOTYPES = YES;
				CLANG_WARN_SUSPICIOUS_MOVE = YES;
				CLANG_WARN_UNGUARDED_AVAILABILITY = YES_AGGRESSIVE;
				CLANG_WARN_UNREACHABLE_CODE = YES;
				CLANG_WARN__DUPLICATE_METHOD_MATCH = YES;
				COPY_PHASE_STRIP = NO;
				DEBUG_INFORMATION_FORMAT = "dwarf-with-dsym";
				ENABLE_NS_ASSERTIONS = NO;
				ENABLE_STRICT_OBJC_MSGSEND = YES;
				ENABLE_TESTING_SEARCH_PATHS = YES;
				GCC_C_LANGUAGE_STANDARD = gnu11;
				GCC_NO_COMMON_BLOCKS = YES;
				GCC_WARN_64_TO_32_BIT_CONVERSION = YES;
				GCC_WARN_ABOUT_RETURN_TYPE = YES_ERROR;
				GCC_WARN_UNDECLARED_SELECTOR = YES;
				GCC_WARN_UNINITIALIZED_AUTOS = YES_AGGRESSIVE;
				GCC_WARN_UNUSED_FUNCTION = YES;
				GCC_WARN_UNUSED_VARIABLE = YES;
				IPHONEOS_DEPLOYMENT_TARGET = 16.0;
				MTL_ENABLE_DEBUG_INFO = NO;
				MTL_FAST_MATH = YES;
				SDKROOT = iphoneos;
				SWIFT_COMPILATION_MODE = wholemodule;
				SWIFT_OPTIMIZATION_LEVEL = "-O";
				VALIDATE_PRODUCT = YES;
			};
			name = Release;
		};
		5863DE5D2A83D0C600408513 /* Debug */ = {
			isa = XCBuildConfiguration;
			buildSettings = {
				ASSETCATALOG_COMPILER_APPICON_NAME = AppIcon;
				ASSETCATALOG_COMPILER_GLOBAL_ACCENT_COLOR_NAME = AccentColor;
				CODE_SIGN_STYLE = Automatic;
				CURRENT_PROJECT_VERSION = 1;
				DEVELOPMENT_TEAM = 98TYR8WM82;
				GENERATE_INFOPLIST_FILE = YES;
				INFOPLIST_FILE = "MVVM-Framework-iOS/Resources/Info.plist";
				INFOPLIST_KEY_CFBundleDisplayName = MVVMF;
				INFOPLIST_KEY_UIApplicationSupportsIndirectInputEvents = YES;
				INFOPLIST_KEY_UILaunchStoryboardName = LaunchScreen;
				INFOPLIST_KEY_UISupportedInterfaceOrientations = UIInterfaceOrientationPortrait;
				INFOPLIST_KEY_UISupportedInterfaceOrientations_iPad = "UIInterfaceOrientationLandscapeLeft UIInterfaceOrientationLandscapeRight UIInterfaceOrientationPortrait UIInterfaceOrientationPortraitUpsideDown";
				IPHONEOS_DEPLOYMENT_TARGET = 16.0;
				LD_RUNPATH_SEARCH_PATHS = (
					"$(inherited)",
					"@executable_path/Frameworks",
				);
				MARKETING_VERSION = 1.0;
				PRODUCT_BUNDLE_IDENTIFIER = "com.KyuboShim.MVVM-Framework-iOS";
				PRODUCT_NAME = "$(TARGET_NAME)";
				SUPPORTED_PLATFORMS = "iphoneos iphonesimulator";
				SUPPORTS_MACCATALYST = NO;
				SUPPORTS_MAC_DESIGNED_FOR_IPHONE_IPAD = NO;
				SWIFT_EMIT_LOC_STRINGS = YES;
				SWIFT_VERSION = 5.0;
				TARGETED_DEVICE_FAMILY = 1;
			};
			name = Debug;
		};
		5863DE5E2A83D0C600408513 /* Release */ = {
			isa = XCBuildConfiguration;
			buildSettings = {
				ASSETCATALOG_COMPILER_APPICON_NAME = AppIcon;
				ASSETCATALOG_COMPILER_GLOBAL_ACCENT_COLOR_NAME = AccentColor;
				CODE_SIGN_STYLE = Automatic;
				CURRENT_PROJECT_VERSION = 1;
				DEVELOPMENT_TEAM = 98TYR8WM82;
				GENERATE_INFOPLIST_FILE = YES;
				INFOPLIST_FILE = "MVVM-Framework-iOS/Resources/Info.plist";
				INFOPLIST_KEY_CFBundleDisplayName = MVVMF;
				INFOPLIST_KEY_UIApplicationSupportsIndirectInputEvents = YES;
				INFOPLIST_KEY_UILaunchStoryboardName = LaunchScreen;
				INFOPLIST_KEY_UISupportedInterfaceOrientations = UIInterfaceOrientationPortrait;
				INFOPLIST_KEY_UISupportedInterfaceOrientations_iPad = "UIInterfaceOrientationLandscapeLeft UIInterfaceOrientationLandscapeRight UIInterfaceOrientationPortrait UIInterfaceOrientationPortraitUpsideDown";
				IPHONEOS_DEPLOYMENT_TARGET = 16.0;
				LD_RUNPATH_SEARCH_PATHS = (
					"$(inherited)",
					"@executable_path/Frameworks",
				);
				MARKETING_VERSION = 1.0;
				PRODUCT_BUNDLE_IDENTIFIER = "com.KyuboShim.MVVM-Framework-iOS";
				PRODUCT_NAME = "$(TARGET_NAME)";
				SUPPORTED_PLATFORMS = "iphoneos iphonesimulator";
				SUPPORTS_MACCATALYST = NO;
				SUPPORTS_MAC_DESIGNED_FOR_IPHONE_IPAD = NO;
				SWIFT_EMIT_LOC_STRINGS = YES;
				SWIFT_VERSION = 5.0;
				TARGETED_DEVICE_FAMILY = 1;
			};
			name = Release;
		};
		5863DE602A83D0C600408513 /* Debug */ = {
			isa = XCBuildConfiguration;
			buildSettings = {
				ALWAYS_EMBED_SWIFT_STANDARD_LIBRARIES = YES;
				BUNDLE_LOADER = "$(TEST_HOST)";
				CODE_SIGN_STYLE = Automatic;
				CURRENT_PROJECT_VERSION = 1;
				DEVELOPMENT_TEAM = 98TYR8WM82;
				GENERATE_INFOPLIST_FILE = YES;
				IPHONEOS_DEPLOYMENT_TARGET = 16.4;
				MARKETING_VERSION = 1.0;
				PRODUCT_BUNDLE_IDENTIFIER = "com.KyuboShim.MVVM-Framework-iOSTests";
				PRODUCT_NAME = "$(TARGET_NAME)";
				SWIFT_EMIT_LOC_STRINGS = NO;
				SWIFT_VERSION = 5.0;
				TARGETED_DEVICE_FAMILY = "1,2";
				TEST_HOST = "$(BUILT_PRODUCTS_DIR)/MVVM-Framework-iOS.app/$(BUNDLE_EXECUTABLE_FOLDER_PATH)/MVVM-Framework-iOS";
			};
			name = Debug;
		};
		5863DE612A83D0C600408513 /* Release */ = {
			isa = XCBuildConfiguration;
			buildSettings = {
				ALWAYS_EMBED_SWIFT_STANDARD_LIBRARIES = YES;
				BUNDLE_LOADER = "$(TEST_HOST)";
				CODE_SIGN_STYLE = Automatic;
				CURRENT_PROJECT_VERSION = 1;
				DEVELOPMENT_TEAM = 98TYR8WM82;
				GENERATE_INFOPLIST_FILE = YES;
				IPHONEOS_DEPLOYMENT_TARGET = 16.4;
				MARKETING_VERSION = 1.0;
				PRODUCT_BUNDLE_IDENTIFIER = "com.KyuboShim.MVVM-Framework-iOSTests";
				PRODUCT_NAME = "$(TARGET_NAME)";
				SWIFT_EMIT_LOC_STRINGS = NO;
				SWIFT_VERSION = 5.0;
				TARGETED_DEVICE_FAMILY = "1,2";
				TEST_HOST = "$(BUILT_PRODUCTS_DIR)/MVVM-Framework-iOS.app/$(BUNDLE_EXECUTABLE_FOLDER_PATH)/MVVM-Framework-iOS";
			};
			name = Release;
		};
		5863DE632A83D0C600408513 /* Debug */ = {
			isa = XCBuildConfiguration;
			buildSettings = {
				ALWAYS_EMBED_SWIFT_STANDARD_LIBRARIES = YES;
				CODE_SIGN_STYLE = Automatic;
				CURRENT_PROJECT_VERSION = 1;
				DEVELOPMENT_TEAM = 98TYR8WM82;
				GENERATE_INFOPLIST_FILE = YES;
				MARKETING_VERSION = 1.0;
				PRODUCT_BUNDLE_IDENTIFIER = "com.KyuboShim.MVVM-Framework-iOSUITests";
				PRODUCT_NAME = "$(TARGET_NAME)";
				SWIFT_EMIT_LOC_STRINGS = NO;
				SWIFT_VERSION = 5.0;
				TARGETED_DEVICE_FAMILY = "1,2";
				TEST_TARGET_NAME = "MVVM-Framework-iOS";
			};
			name = Debug;
		};
		5863DE642A83D0C600408513 /* Release */ = {
			isa = XCBuildConfiguration;
			buildSettings = {
				ALWAYS_EMBED_SWIFT_STANDARD_LIBRARIES = YES;
				CODE_SIGN_STYLE = Automatic;
				CURRENT_PROJECT_VERSION = 1;
				DEVELOPMENT_TEAM = 98TYR8WM82;
				GENERATE_INFOPLIST_FILE = YES;
				MARKETING_VERSION = 1.0;
				PRODUCT_BUNDLE_IDENTIFIER = "com.KyuboShim.MVVM-Framework-iOSUITests";
				PRODUCT_NAME = "$(TARGET_NAME)";
				SWIFT_EMIT_LOC_STRINGS = NO;
				SWIFT_VERSION = 5.0;
				TARGETED_DEVICE_FAMILY = "1,2";
				TEST_TARGET_NAME = "MVVM-Framework-iOS";
			};
			name = Release;
		};
/* End XCBuildConfiguration section */

/* Begin XCConfigurationList section */
		5863DE2D2A83D0C500408513 /* Build configuration list for PBXProject "MVVM-Framework-iOS" */ = {
			isa = XCConfigurationList;
			buildConfigurations = (
				5863DE5A2A83D0C600408513 /* Debug */,
				5863DE5B2A83D0C600408513 /* Release */,
			);
			defaultConfigurationIsVisible = 0;
			defaultConfigurationName = Release;
		};
		5863DE5C2A83D0C600408513 /* Build configuration list for PBXNativeTarget "MVVM-Framework-iOS" */ = {
			isa = XCConfigurationList;
			buildConfigurations = (
				5863DE5D2A83D0C600408513 /* Debug */,
				5863DE5E2A83D0C600408513 /* Release */,
			);
			defaultConfigurationIsVisible = 0;
			defaultConfigurationName = Release;
		};
		5863DE5F2A83D0C600408513 /* Build configuration list for PBXNativeTarget "MVVM-Framework-iOSTests" */ = {
			isa = XCConfigurationList;
			buildConfigurations = (
				5863DE602A83D0C600408513 /* Debug */,
				5863DE612A83D0C600408513 /* Release */,
			);
			defaultConfigurationIsVisible = 0;
			defaultConfigurationName = Release;
		};
		5863DE622A83D0C600408513 /* Build configuration list for PBXNativeTarget "MVVM-Framework-iOSUITests" */ = {
			isa = XCConfigurationList;
			buildConfigurations = (
				5863DE632A83D0C600408513 /* Debug */,
				5863DE642A83D0C600408513 /* Release */,
			);
			defaultConfigurationIsVisible = 0;
			defaultConfigurationName = Release;
		};
/* End XCConfigurationList section */

/* Begin XCRemoteSwiftPackageReference section */
		583B18262A8400C0000D1AB4 /* XCRemoteSwiftPackageReference "RxSwift" */ = {
			isa = XCRemoteSwiftPackageReference;
			repositoryURL = "https://github.com/ReactiveX/RxSwift";
			requirement = {
				kind = upToNextMajorVersion;
				minimumVersion = 6.0.0;
			};
		};
		58FA95052A83DF88008BBE4F /* XCRemoteSwiftPackageReference "SnapKit" */ = {
			isa = XCRemoteSwiftPackageReference;
			repositoryURL = "https://github.com/SnapKit/SnapKit";
			requirement = {
				kind = upToNextMajorVersion;
				minimumVersion = 5.0.0;
			};
		};
		58FA95082A83DF93008BBE4F /* XCRemoteSwiftPackageReference "Then" */ = {
			isa = XCRemoteSwiftPackageReference;
			repositoryURL = "https://github.com/devxoul/Then";
			requirement = {
				kind = upToNextMajorVersion;
				minimumVersion = 3.0.0;
			};
		};
/* End XCRemoteSwiftPackageReference section */

/* Begin XCSwiftPackageProductDependency section */
		583B18272A8400C0000D1AB4 /* RxCocoa */ = {
			isa = XCSwiftPackageProductDependency;
			package = 583B18262A8400C0000D1AB4 /* XCRemoteSwiftPackageReference "RxSwift" */;
			productName = RxCocoa;
		};
		583B18292A8400C0000D1AB4 /* RxRelay */ = {
			isa = XCSwiftPackageProductDependency;
			package = 583B18262A8400C0000D1AB4 /* XCRemoteSwiftPackageReference "RxSwift" */;
			productName = RxRelay;
		};
		583B182B2A8400C0000D1AB4 /* RxSwift */ = {
			isa = XCSwiftPackageProductDependency;
			package = 583B18262A8400C0000D1AB4 /* XCRemoteSwiftPackageReference "RxSwift" */;
			productName = RxSwift;
		};
		583B182F2A84018A000D1AB4 /* RxTest */ = {
			isa = XCSwiftPackageProductDependency;
			package = 583B18262A8400C0000D1AB4 /* XCRemoteSwiftPackageReference "RxSwift" */;
			productName = RxTest;
		};
		583B18312A84018F000D1AB4 /* RxTest */ = {
			isa = XCSwiftPackageProductDependency;
			package = 583B18262A8400C0000D1AB4 /* XCRemoteSwiftPackageReference "RxSwift" */;
			productName = RxTest;
		};
		58FA95062A83DF88008BBE4F /* SnapKit */ = {
			isa = XCSwiftPackageProductDependency;
			package = 58FA95052A83DF88008BBE4F /* XCRemoteSwiftPackageReference "SnapKit" */;
			productName = SnapKit;
		};
		58FA95092A83DF93008BBE4F /* Then */ = {
			isa = XCSwiftPackageProductDependency;
			package = 58FA95082A83DF93008BBE4F /* XCRemoteSwiftPackageReference "Then" */;
			productName = Then;
		};
/* End XCSwiftPackageProductDependency section */
	};
	rootObject = 5863DE2A2A83D0C500408513 /* Project object */;
}
